
Microsoft Visual Studio Solution File, Format Version 12.00
# Visual Studio 15
VisualStudioVersion = 15.0.27004.2009
MinimumVisualStudioVersion = 10.0.40219.1
Project("{FAE04EC0-301F-11D3-BF4B-00C04F79EFBC}") = "ReactNativeVideo.Net46", "ReactNativeVideo.Net46\ReactNativeVideo.Net46.csproj", "{2D8406AB-0674-42D3-8FE3-41D251403DF8}"
EndProject
Project("{FAE04EC0-301F-11D3-BF4B-00C04F79EFBC}") = "ReactNativeVideo", "ReactNativeVideo\ReactNativeVideo.csproj", "{E8F5F57F-757E-4237-AD23-F7A8755427CD}"
EndProject
Global
	GlobalSection(SolutionConfigurationPlatforms) = preSolution
		Debug|ARM = Debug|ARM
		Debug|x64 = Debug|x64
		Debug|x86 = Debug|x86
		Release|ARM = Release|ARM
		Release|x64 = Release|x64
		Release|x86 = Release|x86
	EndGlobalSection
	GlobalSection(ProjectConfigurationPlatforms) = postSolution
		{2D8406AB-0674-42D3-8FE3-41D251403DF8}.Debug|ARM.ActiveCfg = Debug|x86
		{2D8406AB-0674-42D3-8FE3-41D251403DF8}.Debug|x64.ActiveCfg = Debug|x64
		{2D8406AB-0674-42D3-8FE3-41D251403DF8}.Debug|x64.Build.0 = Debug|x64
		{2D8406AB-0674-42D3-8FE3-41D251403DF8}.Debug|x86.ActiveCfg = Debug|x64
		{2D8406AB-0674-42D3-8FE3-41D251403DF8}.Debug|x86.Build.0 = Debug|x64
		{2D8406AB-0674-42D3-8FE3-41D251403DF8}.Release|ARM.ActiveCfg = Release|x86
		{2D8406AB-0674-42D3-8FE3-41D251403DF8}.Release|x64.ActiveCfg = Release|x64
		{2D8406AB-0674-42D3-8FE3-41D251403DF8}.Release|x64.Build.0 = Release|x64
		{2D8406AB-0674-42D3-8FE3-41D251403DF8}.Release|x86.ActiveCfg = Release|x86
		{2D8406AB-0674-42D3-8FE3-41D251403DF8}.Release|x86.Build.0 = Release|x86
		{E8F5F57F-757E-4237-AD23-F7A8755427CD}.Debug|ARM.ActiveCfg = Debug|ARM
		{E8F5F57F-757E-4237-AD23-F7A8755427CD}.Debug|ARM.Build.0 = Debug|ARM
		{E8F5F57F-757E-4237-AD23-F7A8755427CD}.Debug|x64.ActiveCfg = Debug|x64
		{E8F5F57F-757E-4237-AD23-F7A8755427CD}.Debug|x64.Build.0 = Debug|x64
		{E8F5F57F-757E-4237-AD23-F7A8755427CD}.Debug|x86.ActiveCfg = Debug|x86
		{E8F5F57F-757E-4237-AD23-F7A8755427CD}.Debug|x86.Build.0 = Debug|x86
		{E8F5F57F-757E-4237-AD23-F7A8755427CD}.Release|ARM.ActiveCfg = Release|ARM
		{E8F5F57F-757E-4237-AD23-F7A8755427CD}.Release|ARM.Build.0 = Release|ARM
		{E8F5F57F-757E-4237-AD23-F7A8755427CD}.Release|x64.ActiveCfg = Release|x64
		{E8F5F57F-757E-4237-AD23-F7A8755427CD}.Release|x64.Build.0 = Release|x64
		{E8F5F57F-757E-4237-AD23-F7A8755427CD}.Release|x86.ActiveCfg = Release|x86
		{E8F5F57F-757E-4237-AD23-F7A8755427CD}.Release|x86.Build.0 = Release|x86
	EndGlobalSection
	GlobalSection(SolutionProperties) = preSolution
		HideSolutionNode = FALSE
	EndGlobalSection
	GlobalSection(ExtensibilityGlobals) = postSolution
		SolutionGuid = {8DA8E2A1-D086-439D-AD2E-E2774E992820}
	EndGlobalSection
EndGlobal
